
Microsoft Visual Studio Solution File, Format Version 12.00
# Visual Studio 15
VisualStudioVersion = 15.0.28307.852
MinimumVisualStudioVersion = 10.0.40219.1
Project("{9A19103F-16F7-4668-BE54-9A1E7A4F7556}") = "Media.WebApi", "src\Services\Media\Media.WebApi.csproj", "{2AE57F82-9021-4D46-A640-37F5A9DFEB3C}"
EndProject
Project("{2150E333-8FDC-42A3-9474-1A3956D46DE8}") = "src", "src", "{2ADCF0ED-D1CC-46D9-B484-CF714AF4318E}"
EndProject
Project("{2150E333-8FDC-42A3-9474-1A3956D46DE8}") = "Services", "Services", "{EBC8FFA2-4CB1-4271-B154-EF2003564672}"
EndProject
Project("{2150E333-8FDC-42A3-9474-1A3956D46DE8}") = "Media", "Media", "{06301B0E-5027-4819-B0BA-06241F41979E}"
EndProject
Project("{2150E333-8FDC-42A3-9474-1A3956D46DE8}") = "Identity", "Identity", "{1ED9F6FD-9615-4D71-B439-00AA255F511E}"
EndProject
Project("{9A19103F-16F7-4668-BE54-9A1E7A4F7556}") = "Identity.WebApi", "src\Services\Identity\Identity.WebApi.csproj", "{02C9469E-69D8-4F83-BFEF-69CE6C8B066F}"
EndProject
Project("{2150E333-8FDC-42A3-9474-1A3956D46DE8}") = "Gateway", "Gateway", "{CBFFB135-0B2E-49C3-B2CA-8B35F6397D2B}"
EndProject
Project("{9A19103F-16F7-4668-BE54-9A1E7A4F7556}") = "Gateway.WebApi", "src\Gateway\Gateway.WebApi\Gateway.WebApi.csproj", "{DA2C81EC-964E-471D-89DD-DD27CEAF8612}"
EndProject
Project("{2150E333-8FDC-42A3-9474-1A3956D46DE8}") = "Client", "Client", "{1E1950F7-1C6F-45D4-AD3C-F0423AEAF74A}"
EndProject
Project("{9A19103F-16F7-4668-BE54-9A1E7A4F7556}") = "ConsoleApp", "src\Client\ConsoleClient\ConsoleApp.csproj", "{099A97FD-CF87-4762-870F-9548E240F4F7}"
EndProject
Global
	GlobalSection(SolutionConfigurationPlatforms) = preSolution
		Debug|Any CPU = Debug|Any CPU
		Release|Any CPU = Release|Any CPU
	EndGlobalSection
	GlobalSection(ProjectConfigurationPlatforms) = postSolution
		{2AE57F82-9021-4D46-A640-37F5A9DFEB3C}.Debug|Any CPU.ActiveCfg = Debug|Any CPU
		{2AE57F82-9021-4D46-A640-37F5A9DFEB3C}.Debug|Any CPU.Build.0 = Debug|Any CPU
		{2AE57F82-9021-4D46-A640-37F5A9DFEB3C}.Release|Any CPU.ActiveCfg = Release|Any CPU
		{2AE57F82-9021-4D46-A640-37F5A9DFEB3C}.Release|Any CPU.Build.0 = Release|Any CPU
		{02C9469E-69D8-4F83-BFEF-69CE6C8B066F}.Debug|Any CPU.ActiveCfg = Debug|Any CPU
		{02C9469E-69D8-4F83-BFEF-69CE6C8B066F}.Debug|Any CPU.Build.0 = Debug|Any CPU
		{02C9469E-69D8-4F83-BFEF-69CE6C8B066F}.Release|Any CPU.ActiveCfg = Release|Any CPU
		{02C9469E-69D8-4F83-BFEF-69CE6C8B066F}.Release|Any CPU.Build.0 = Release|Any CPU
		{DA2C81EC-964E-471D-89DD-DD27CEAF8612}.Debug|Any CPU.ActiveCfg = Debug|Any CPU
		{DA2C81EC-964E-471D-89DD-DD27CEAF8612}.Debug|Any CPU.Build.0 = Debug|Any CPU
		{DA2C81EC-964E-471D-89DD-DD27CEAF8612}.Release|Any CPU.ActiveCfg = Release|Any CPU
		{DA2C81EC-964E-471D-89DD-DD27CEAF8612}.Release|Any CPU.Build.0 = Release|Any CPU
		{099A97FD-CF87-4762-870F-9548E240F4F7}.Debug|Any CPU.ActiveCfg = Debug|Any CPU
		{099A97FD-CF87-4762-870F-9548E240F4F7}.Debug|Any CPU.Build.0 = Debug|Any CPU
		{099A97FD-CF87-4762-870F-9548E240F4F7}.Release|Any CPU.ActiveCfg = Release|Any CPU
		{099A97FD-CF87-4762-870F-9548E240F4F7}.Release|Any CPU.Build.0 = Release|Any CPU
	EndGlobalSection
	GlobalSection(SolutionProperties) = preSolution
		HideSolutionNode = FALSE
	EndGlobalSection
	GlobalSection(NestedProjects) = preSolution
		{2AE57F82-9021-4D46-A640-37F5A9DFEB3C} = {06301B0E-5027-4819-B0BA-06241F41979E}
		{EBC8FFA2-4CB1-4271-B154-EF2003564672} = {2ADCF0ED-D1CC-46D9-B484-CF714AF4318E}
		{06301B0E-5027-4819-B0BA-06241F41979E} = {EBC8FFA2-4CB1-4271-B154-EF2003564672}
		{1ED9F6FD-9615-4D71-B439-00AA255F511E} = {EBC8FFA2-4CB1-4271-B154-EF2003564672}
		{02C9469E-69D8-4F83-BFEF-69CE6C8B066F} = {1ED9F6FD-9615-4D71-B439-00AA255F511E}
		{CBFFB135-0B2E-49C3-B2CA-8B35F6397D2B} = {EBC8FFA2-4CB1-4271-B154-EF2003564672}
		{DA2C81EC-964E-471D-89DD-DD27CEAF8612} = {CBFFB135-0B2E-49C3-B2CA-8B35F6397D2B}
		{1E1950F7-1C6F-45D4-AD3C-F0423AEAF74A} = {2ADCF0ED-D1CC-46D9-B484-CF714AF4318E}
		{099A97FD-CF87-4762-870F-9548E240F4F7} = {1E1950F7-1C6F-45D4-AD3C-F0423AEAF74A}
	EndGlobalSection
	GlobalSection(ExtensibilityGlobals) = postSolution
		SolutionGuid = {5E07C523-F920-4838-BEAD-1F4C786D4392}
	EndGlobalSection
EndGlobal
